
Microsoft Visual Studio Solution File, Format Version 12.00
# Visual Studio 15
VisualStudioVersion = 15.0.28307.1062
MinimumVisualStudioVersion = 10.0.40219.1
Project("{8BC9CEB8-8B4A-11D0-8D11-00A0C91BC942}") = "PuPPlugin", "PuPPlugin.vcxproj", "{0B51EBF4-51D4-41BF-A3BD-8D85F84F8B3E}"
EndProject
Global
	GlobalSection(SolutionConfigurationPlatforms) = preSolution
		Debug|x86 = Debug|x86
		Release|x86 = Release|x86
	EndGlobalSection
	GlobalSection(ProjectConfigurationPlatforms) = postSolution
		{0B51EBF4-51D4-41BF-A3BD-8D85F84F8B3E}.Debug|x86.ActiveCfg = Debug|Win32
		{0B51EBF4-51D4-41BF-A3BD-8D85F84F8B3E}.Debug|x86.Build.0 = Debug|Win32
		{0B51EBF4-51D4-41BF-A3BD-8D85F84F8B3E}.Release|x86.ActiveCfg = Release|Win32
		{0B51EBF4-51D4-41BF-A3BD-8D85F84F8B3E}.Release|x86.Build.0 = Release|Win32
	EndGlobalSection
	GlobalSection(SolutionProperties) = preSolution
		HideSolutionNode = FALSE
	EndGlobalSection
	GlobalSection(ExtensibilityGlobals) = postSolution
		SolutionGuid = {BD0F41D7-A11F-45AE-BEA4-9DEF740E4C49}
	EndGlobalSection
EndGlobal
